
Microsoft Visual Studio Solution File, Format Version 12.00
# Visual Studio Version 16
VisualStudioVersion = 16.0.30225.117
MinimumVisualStudioVersion = 10.0.40219.1
Project("{FAE04EC0-301F-11D3-BF4B-00C04F79EFBC}") = "CursorHover", "CursorHover\CursorHover.csproj", "{DEFAC8AD-25FD-43B9-A801-A607CC7AD998}"
EndProject
Global
	GlobalSection(SolutionConfigurationPlatforms) = preSolution
		Debug|Any CPU = Debug|Any CPU
		Release|Any CPU = Release|Any CPU
	EndGlobalSection
	GlobalSection(ProjectConfigurationPlatforms) = postSolution
		{DEFAC8AD-25FD-43B9-A801-A607CC7AD998}.Debug|Any CPU.ActiveCfg = Debug|Any CPU
		{DEFAC8AD-25FD-43B9-A801-A607CC7AD998}.Debug|Any CPU.Build.0 = Debug|Any CPU
		{DEFAC8AD-25FD-43B9-A801-A607CC7AD998}.Release|Any CPU.ActiveCfg = Release|Any CPU
		{DEFAC8AD-25FD-43B9-A801-A607CC7AD998}.Release|Any CPU.Build.0 = Release|Any CPU
	EndGlobalSection
	GlobalSection(SolutionProperties) = preSolution
		HideSolutionNode = FALSE
	EndGlobalSection
	GlobalSection(ExtensibilityGlobals) = postSolution
		SolutionGuid = {2060B79C-CA2C-4212-93FE-0F517B4E7C8F}
	EndGlobalSection
EndGlobal
